
Microsoft Visual Studio Solution File, Format Version 12.00
# Visual Studio 15
VisualStudioVersion = 15.0.28307.902
MinimumVisualStudioVersion = 10.0.40219.1
Project("{FAE04EC0-301F-11D3-BF4B-00C04F79EFBC}") = "ex_01_format_bmp", "ex_01_format_bmp\ex_01_format_bmp.csproj", "{4A5A022D-C0E2-463A-8338-6C7E91A61A4F}"
EndProject
Global
	GlobalSection(SolutionConfigurationPlatforms) = preSolution
		Debug|Any CPU = Debug|Any CPU
		Release|Any CPU = Release|Any CPU
	EndGlobalSection
	GlobalSection(ProjectConfigurationPlatforms) = postSolution
		{4A5A022D-C0E2-463A-8338-6C7E91A61A4F}.Debug|Any CPU.ActiveCfg = Debug|Any CPU
		{4A5A022D-C0E2-463A-8338-6C7E91A61A4F}.Debug|Any CPU.Build.0 = Debug|Any CPU
		{4A5A022D-C0E2-463A-8338-6C7E91A61A4F}.Release|Any CPU.ActiveCfg = Release|Any CPU
		{4A5A022D-C0E2-463A-8338-6C7E91A61A4F}.Release|Any CPU.Build.0 = Release|Any CPU
	EndGlobalSection
	GlobalSection(SolutionProperties) = preSolution
		HideSolutionNode = FALSE
	EndGlobalSection
	GlobalSection(ExtensibilityGlobals) = postSolution
		SolutionGuid = {6C90BC60-F081-4228-B204-043F0E8C4DE7}
	EndGlobalSection
EndGlobal
